
Microsoft Visual Studio Solution File, Format Version 12.00
# Visual Studio 15
VisualStudioVersion = 15.0.28010.2046
MinimumVisualStudioVersion = 10.0.40219.1
Project("{2150E333-8FDC-42A3-9474-1A3956D46DE8}") = "src", "src", "{7688754A-1AB6-4CD7-87FF-B0485CE3C506}"
EndProject
Project("{9A19103F-16F7-4668-BE54-9A1E7A4F7556}") = "Sodao.EventBus.RabbitMQ", "src\Sodao.EventBus.RabbitMQ\Sodao.EventBus.RabbitMQ.csproj", "{1E0B1565-6C45-4BF6-97B8-4B7333690DD3}"
EndProject
Project("{9A19103F-16F7-4668-BE54-9A1E7A4F7556}") = "Sodao.EventBus.Abstractions", "src\Sodao.EventBus.Abstractions\Sodao.EventBus.Abstractions.csproj", "{413C754D-C44F-4B9D-A49B-87E00367B922}"
EndProject
Project("{2150E333-8FDC-42A3-9474-1A3956D46DE8}") = "test", "test", "{D4207F03-405D-4879-8F21-5E67FBF4255B}"
EndProject
Project("{9A19103F-16F7-4668-BE54-9A1E7A4F7556}") = "Sodao.EventBus.InMemory", "src\Sodao.EventBus.InMemory\Sodao.EventBus.InMemory.csproj", "{7BB745A8-7051-478D-8F18-1C7E80C97A60}"
EndProject
Project("{9A19103F-16F7-4668-BE54-9A1E7A4F7556}") = "IntegrationTest", "test\IntegrationTest\IntegrationTest.csproj", "{12D08EC9-4980-4D25-942F-F8BAA037AF08}"
EndProject
Project("{E53339B2-1760-4266-BCC7-CA923CBCF16C}") = "docker-compose", "docker-compose.dcproj", "{F44123AF-E316-4C02-83AA-DDD74CE38C94}"
EndProject
Global
	GlobalSection(SolutionConfigurationPlatforms) = preSolution
		Debug|Any CPU = Debug|Any CPU
		NETCORE2|Any CPU = NETCORE2|Any CPU
		Release|Any CPU = Release|Any CPU
	EndGlobalSection
	GlobalSection(ProjectConfigurationPlatforms) = postSolution
		{1E0B1565-6C45-4BF6-97B8-4B7333690DD3}.Debug|Any CPU.ActiveCfg = Debug|Any CPU
		{1E0B1565-6C45-4BF6-97B8-4B7333690DD3}.Debug|Any CPU.Build.0 = Debug|Any CPU
		{1E0B1565-6C45-4BF6-97B8-4B7333690DD3}.NETCORE2|Any CPU.ActiveCfg = NETCORE2|Any CPU
		{1E0B1565-6C45-4BF6-97B8-4B7333690DD3}.NETCORE2|Any CPU.Build.0 = NETCORE2|Any CPU
		{1E0B1565-6C45-4BF6-97B8-4B7333690DD3}.Release|Any CPU.ActiveCfg = Release|Any CPU
		{1E0B1565-6C45-4BF6-97B8-4B7333690DD3}.Release|Any CPU.Build.0 = Release|Any CPU
		{413C754D-C44F-4B9D-A49B-87E00367B922}.Debug|Any CPU.ActiveCfg = Debug|Any CPU
		{413C754D-C44F-4B9D-A49B-87E00367B922}.Debug|Any CPU.Build.0 = Debug|Any CPU
		{413C754D-C44F-4B9D-A49B-87E00367B922}.NETCORE2|Any CPU.ActiveCfg = NETCORE2|Any CPU
		{413C754D-C44F-4B9D-A49B-87E00367B922}.NETCORE2|Any CPU.Build.0 = NETCORE2|Any CPU
		{413C754D-C44F-4B9D-A49B-87E00367B922}.Release|Any CPU.ActiveCfg = Release|Any CPU
		{413C754D-C44F-4B9D-A49B-87E00367B922}.Release|Any CPU.Build.0 = Release|Any CPU
		{7BB745A8-7051-478D-8F18-1C7E80C97A60}.Debug|Any CPU.ActiveCfg = Debug|Any CPU
		{7BB745A8-7051-478D-8F18-1C7E80C97A60}.Debug|Any CPU.Build.0 = Debug|Any CPU
		{7BB745A8-7051-478D-8F18-1C7E80C97A60}.NETCORE2|Any CPU.ActiveCfg = Debug|Any CPU
		{7BB745A8-7051-478D-8F18-1C7E80C97A60}.NETCORE2|Any CPU.Build.0 = Debug|Any CPU
		{7BB745A8-7051-478D-8F18-1C7E80C97A60}.Release|Any CPU.ActiveCfg = Release|Any CPU
		{7BB745A8-7051-478D-8F18-1C7E80C97A60}.Release|Any CPU.Build.0 = Release|Any CPU
		{12D08EC9-4980-4D25-942F-F8BAA037AF08}.Debug|Any CPU.ActiveCfg = Debug|Any CPU
		{12D08EC9-4980-4D25-942F-F8BAA037AF08}.Debug|Any CPU.Build.0 = Debug|Any CPU
		{12D08EC9-4980-4D25-942F-F8BAA037AF08}.NETCORE2|Any CPU.ActiveCfg = Debug|Any CPU
		{12D08EC9-4980-4D25-942F-F8BAA037AF08}.NETCORE2|Any CPU.Build.0 = Debug|Any CPU
		{12D08EC9-4980-4D25-942F-F8BAA037AF08}.Release|Any CPU.ActiveCfg = Release|Any CPU
		{12D08EC9-4980-4D25-942F-F8BAA037AF08}.Release|Any CPU.Build.0 = Release|Any CPU
		{F44123AF-E316-4C02-83AA-DDD74CE38C94}.Debug|Any CPU.ActiveCfg = Debug|Any CPU
		{F44123AF-E316-4C02-83AA-DDD74CE38C94}.Debug|Any CPU.Build.0 = Debug|Any CPU
		{F44123AF-E316-4C02-83AA-DDD74CE38C94}.NETCORE2|Any CPU.ActiveCfg = Debug|Any CPU
		{F44123AF-E316-4C02-83AA-DDD74CE38C94}.NETCORE2|Any CPU.Build.0 = Debug|Any CPU
		{F44123AF-E316-4C02-83AA-DDD74CE38C94}.Release|Any CPU.ActiveCfg = Release|Any CPU
		{F44123AF-E316-4C02-83AA-DDD74CE38C94}.Release|Any CPU.Build.0 = Release|Any CPU
	EndGlobalSection
	GlobalSection(SolutionProperties) = preSolution
		HideSolutionNode = FALSE
	EndGlobalSection
	GlobalSection(NestedProjects) = preSolution
		{1E0B1565-6C45-4BF6-97B8-4B7333690DD3} = {7688754A-1AB6-4CD7-87FF-B0485CE3C506}
		{413C754D-C44F-4B9D-A49B-87E00367B922} = {7688754A-1AB6-4CD7-87FF-B0485CE3C506}
		{7BB745A8-7051-478D-8F18-1C7E80C97A60} = {7688754A-1AB6-4CD7-87FF-B0485CE3C506}
		{12D08EC9-4980-4D25-942F-F8BAA037AF08} = {D4207F03-405D-4879-8F21-5E67FBF4255B}
	EndGlobalSection
	GlobalSection(ExtensibilityGlobals) = postSolution
		SolutionGuid = {6B041DAA-D36D-4489-B167-855A0866789D}
	EndGlobalSection
EndGlobal
